{
  "name": "cyclecad",
  "version": "1.3.0",
  "lockfileVersion": 3,
  "requires": true,
  "packages": {
    "": {
      "name": "cyclecad",
      "version": "1.3.0",
      "license": "MIT",
      "bin": {
        "cyclecad": "bin/cyclecad-cli.js",
        "cyclecad-mcp": "bin/cyclecad-mcp"
      }
    }
  }
}
